
Microsoft Visual Studio Solution File, Format Version 12.00
# Visual Studio 15
VisualStudioVersion = 15.0.26730.10
MinimumVisualStudioVersion = 10.0.40219.1
Project("{FAE04EC0-301F-11D3-BF4B-00C04F79EFBC}") = "CarOwnershipMockEksamen", "CarOwnershipMockEksamen\CarOwnershipMockEksamen.csproj", "{D38BC60E-CF23-45B3-AEEC-5B711EBE7B92}"
EndProject
Project("{FAE04EC0-301F-11D3-BF4B-00C04F79EFBC}") = "CarOwnershipMockEksamenTests", "CarOwnershipMockEksamenTests\CarOwnershipMockEksamenTests.csproj", "{5ADFAE0B-BFE6-46CE-86CC-BF93697103D2}"
EndProject
Global
	GlobalSection(SolutionConfigurationPlatforms) = preSolution
		Debug|Any CPU = Debug|Any CPU
		Release|Any CPU = Release|Any CPU
	EndGlobalSection
	GlobalSection(ProjectConfigurationPlatforms) = postSolution
		{D38BC60E-CF23-45B3-AEEC-5B711EBE7B92}.Debug|Any CPU.ActiveCfg = Debug|Any CPU
		{D38BC60E-CF23-45B3-AEEC-5B711EBE7B92}.Debug|Any CPU.Build.0 = Debug|Any CPU
		{D38BC60E-CF23-45B3-AEEC-5B711EBE7B92}.Release|Any CPU.ActiveCfg = Release|Any CPU
		{D38BC60E-CF23-45B3-AEEC-5B711EBE7B92}.Release|Any CPU.Build.0 = Release|Any CPU
		{5ADFAE0B-BFE6-46CE-86CC-BF93697103D2}.Debug|Any CPU.ActiveCfg = Debug|Any CPU
		{5ADFAE0B-BFE6-46CE-86CC-BF93697103D2}.Debug|Any CPU.Build.0 = Debug|Any CPU
		{5ADFAE0B-BFE6-46CE-86CC-BF93697103D2}.Release|Any CPU.ActiveCfg = Release|Any CPU
		{5ADFAE0B-BFE6-46CE-86CC-BF93697103D2}.Release|Any CPU.Build.0 = Release|Any CPU
	EndGlobalSection
	GlobalSection(SolutionProperties) = preSolution
		HideSolutionNode = FALSE
	EndGlobalSection
	GlobalSection(ExtensibilityGlobals) = postSolution
		SolutionGuid = {D25CF391-A587-44CD-8110-BC97C00DBD89}
	EndGlobalSection
EndGlobal
